{
  "pins" : [
    {
      "identity" : "reachability.swift",
      "kind" : "remoteSourceControl",
      "location" : "https://github.com/ashleymills/Reachability.swift.git",
      "state" : {
        "branch" : "master",
        "revision" : "7b7018a69c84ea94ac2a38dff626e16ea81d1db9"
      }
    }
  ],
  "version" : 2
}
